// !$*UTF8*$!
{
	archiveVersion = 1;
	classes = {
	};
	objectVersion = 48;
	objects = {

/* Begin PBXBuildFile section */
		102561941FAA60C3008404F0 /* AppDelegate.swift in Sources */ = {isa = PBXBuildFile; fileRef = 102561931FAA60C3008404F0 /* AppDelegate.swift */; };
		102561961FAA60C3008404F0 /* ViewController.swift in Sources */ = {isa = PBXBuildFile; fileRef = 102561951FAA60C3008404F0 /* ViewController.swift */; };
		102561991FAA60C3008404F0 /* Main.storyboard in Resources */ = {isa = PBXBuildFile; fileRef = 102561971FAA60C3008404F0 /* Main.storyboard */; };
		1025619B1FAA60C3008404F0 /* Assets.xcassets in Resources */ = {isa = PBXBuildFile; fileRef = 1025619A1FAA60C3008404F0 /* Assets.xcassets */; };
		1025619E1FAA60C3008404F0 /* LaunchScreen.storyboard in Resources */ = {isa = PBXBuildFile; fileRef = 1025619C1FAA60C3008404F0 /* LaunchScreen.storyboard */; };
		102561A91FAA60C3008404F0 /* ColdCallTests.swift in Sources */ = {isa = PBXBuildFile; fileRef = 102561A81FAA60C3008404F0 /* ColdCallTests.swift */; };
		102561B41FAA60C3008404F0 /* ColdCallUITests.swift in Sources */ = {isa = PBXBuildFile; fileRef = 102561B31FAA60C3008404F0 /* ColdCallUITests.swift */; };
/* End PBXBuildFile section */

/* Begin PBXContainerItemProxy section */
		102561A51FAA60C3008404F0 /* PBXContainerItemProxy */ = {
			isa = PBXContainerItemProxy;
			containerPortal = 102561881FAA60C3008404F0 /* Project object */;
			proxyType = 1;
			remoteGlobalIDString = 1025618F1FAA60C3008404F0;
			remoteInfo = ColdCall;
		};
		102561B01FAA60C3008404F0 /* PBXContainerItemProxy */ = {
			isa = PBXContainerItemProxy;
			containerPortal = 102561881FAA60C3008404F0 /* Project object */;
			proxyType = 1;
			remoteGlobalIDString = 1025618F1FAA60C3008404F0;
			remoteInfo = ColdCall;
		};
/* End PBXContainerItemProxy section */

/* Begin PBXFileReference section */
		102561901FAA60C3008404F0 /* ColdCall.app */ = {isa = PBXFileReference; explicitFileType = wrapper.application; includeInIndex = 0; path = ColdCall.app; sourceTree = BUILT_PRODUCTS_DIR; };
		102561931FAA60C3008404F0 /* AppDelegate.swift */ = {isa = PBXFileReference; lastKnownFileType = sourcecode.swift; path = AppDelegate.swift; sourceTree = "<group>"; };
		102561951FAA60C3008404F0 /* ViewController.swift */ = {isa = PBXFileReference; lastKnownFileType = sourcecode.swift; path = ViewController.swift; sourceTree = "<group>"; };
		102561981FAA60C3008404F0 /* Base */ = {isa = PBXFileReference; lastKnownFileType = file.storyboard; name = Base; path = Base.lproj/Main.storyboard; sourceTree = "<group>"; };
		1025619A1FAA60C3008404F0 /* Assets.xcassets */ = {isa = PBXFileReference; lastKnownFileType = folder.assetcatalog; path = Assets.xcassets; sourceTree = "<group>"; };
		1025619D1FAA60C3008404F0 /* Base */ = {isa = PBXFileReference; lastKnownFileType = file.storyboard; name = Base; path = Base.lproj/LaunchScreen.storyboard; sourceTree = "<group>"; };
		1025619F1FAA60C3008404F0 /* Info.plist */ = {isa = PBXFileReference; lastKnownFileType = text.plist.xml; path = Info.plist; sourceTree = "<group>"; };
		102561A41FAA60C3008404F0 /* ColdCallTests.xctest */ = {isa = PBXFileReference; explicitFileType = wrapper.cfbundle; includeInIndex = 0; path = ColdCallTests.xctest; sourceTree = BUILT_PRODUCTS_DIR; };
		102561A81FAA60C3008404F0 /* ColdCallTests.swift */ = {isa = PBXFileReference; lastKnownFileType = sourcecode.swift; path = ColdCallTests.swift; sourceTree = "<group>"; };
		102561AA1FAA60C3008404F0 /* Info.plist */ = {isa = PBXFileReference; lastKnownFileType = text.plist.xml; path = Info.plist; sourceTree = "<group>"; };
		102561AF1FAA60C3008404F0 /* ColdCallUITests.xctest */ = {isa = PBXFileReference; explicitFileType = wrapper.cfbundle; includeInIndex = 0; path = ColdCallUITests.xctest; sourceTree = BUILT_PRODUCTS_DIR; };
		102561B31FAA60C3008404F0 /* ColdCallUITests.swift */ = {isa = PBXFileReference; lastKnownFileType = sourcecode.swift; path = ColdCallUITests.swift; sourceTree = "<group>"; };
		102561B51FAA60C3008404F0 /* Info.plist */ = {isa = PBXFileReference; lastKnownFileType = text.plist.xml; path = Info.plist; sourceTree = "<group>"; };
/* End PBXFileReference section */

/* Begin PBXFrameworksBuildPhase section */
		1025618D1FAA60C3008404F0 /* Frameworks */ = {
			isa = PBXFrameworksBuildPhase;
			buildActionMask = 2147483647;
			files = (
			);
			runOnlyForDeploymentPostprocessing = 0;
		};
		102561A11FAA60C3008404F0 /* Frameworks */ = {
			isa = PBXFrameworksBuildPhase;
			buildActionMask = 2147483647;
			files = (
			);
			runOnlyForDeploymentPostprocessing = 0;
		};
		102561AC1FAA60C3008404F0 /* Frameworks */ = {
			isa = PBXFrameworksBuildPhase;
			buildActionMask = 2147483647;
			files = (
			);
			runOnlyForDeploymentPostprocessing = 0;
		};
/* End PBXFrameworksBuildPhase section */

/* Begin PBXGroup section */
		102561871FAA60C3008404F0 = {
			isa = PBXGroup;
			children = (
				102561921FAA60C3008404F0 /* ColdCall */,
				102561A71FAA60C3008404F0 /* ColdCallTests */,
				102561B21FAA60C3008404F0 /* ColdCallUITests */,
				102561911FAA60C3008404F0 /* Products */,
			);
			sourceTree = "<group>";
		};
		102561911FAA60C3008404F0 /* Products */ = {
			isa = PBXGroup;
			children = (
				102561901FAA60C3008404F0 /* ColdCall.app */,
				102561A41FAA60C3008404F0 /* ColdCallTests.xctest */,
				102561AF1FAA60C3008404F0 /* ColdCallUITests.xctest */,
			);
			name = Products;
			sourceTree = "<group>";
		};
		102561921FAA60C3008404F0 /* ColdCall */ = {
			isa = PBXGroup;
			children = (
				102561931FAA60C3008404F0 /* AppDelegate.swift */,
				102561951FAA60C3008404F0 /* ViewController.swift */,
				102561971FAA60C3008404F0 /* Main.storyboard */,
				1025619A1FAA60C3008404F0 /* Assets.xcassets */,
				1025619C1FAA60C3008404F0 /* LaunchScreen.storyboard */,
				1025619F1FAA60C3008404F0 /* Info.plist */,
			);
			path = ColdCall;
			sourceTree = "<group>";
		};
		102561A71FAA60C3008404F0 /* ColdCallTests */ = {
			isa = PBXGroup;
			children = (
				102561A81FAA60C3008404F0 /* ColdCallTests.swift */,
				102561AA1FAA60C3008404F0 /* Info.plist */,
			);
			path = ColdCallTests;
			sourceTree = "<group>";
		};
		102561B21FAA60C3008404F0 /* ColdCallUITests */ = {
			isa = PBXGroup;
			children = (
				102561B31FAA60C3008404F0 /* ColdCallUITests.swift */,
				102561B51FAA60C3008404F0 /* Info.plist */,
			);
			path = ColdCallUITests;
			sourceTree = "<group>";
		};
/* End PBXGroup section */

/* Begin PBXNativeTarget section */
		1025618F1FAA60C3008404F0 /* ColdCall */ = {
			isa = PBXNativeTarget;
			buildConfigurationList = 102561B81FAA60C3008404F0 /* Build configuration list for PBXNativeTarget "ColdCall" */;
			buildPhases = (
				1025618C1FAA60C3008404F0 /* Sources */,
				1025618D1FAA60C3008404F0 /* Frameworks */,
				1025618E1FAA60C3008404F0 /* Resources */,
			);
			buildRules = (
			);
			dependencies = (
			);
			name = ColdCall;
			productName = ColdCall;
			productReference = 102561901FAA60C3008404F0 /* ColdCall.app */;
			productType = "com.apple.product-type.application";
		};
		102561A31FAA60C3008404F0 /* ColdCallTests */ = {
			isa = PBXNativeTarget;
			buildConfigurationList = 102561BB1FAA60C3008404F0 /* Build configuration list for PBXNativeTarget "ColdCallTests" */;
			buildPhases = (
				102561A01FAA60C3008404F0 /* Sources */,
				102561A11FAA60C3008404F0 /* Frameworks */,
				102561A21FAA60C3008404F0 /* Resources */,
			);
			buildRules = (
			);
			dependencies = (
				102561A61FAA60C3008404F0 /* PBXTargetDependency */,
			);
			name = ColdCallTests;
			productName = ColdCallTests;
			productReference = 102561A41FAA60C3008404F0 /* ColdCallTests.xctest */;
			productType = "com.apple.product-type.bundle.unit-test";
		};
		102561AE1FAA60C3008404F0 /* ColdCallUITests */ = {
			isa = PBXNativeTarget;
			buildConfigurationList = 102561BE1FAA60C3008404F0 /* Build configuration list for PBXNativeTarget "ColdCallUITests" */;
			buildPhases = (
				102561AB1FAA60C3008404F0 /* Sources */,
				102561AC1FAA60C3008404F0 /* Frameworks */,
				102561AD1FAA60C3008404F0 /* Resources */,
			);
			buildRules = (
			);
			dependencies = (
				102561B11FAA60C3008404F0 /* PBXTargetDependency */,
			);
			name = ColdCallUITests;
			productName = ColdCallUITests;
			productReference = 102561AF1FAA60C3008404F0 /* ColdCallUITests.xctest */;
			productType = "com.apple.product-type.bundle.ui-testing";
		};
/* End PBXNativeTarget section */

/* Begin PBXProject section */
		102561881FAA60C3008404F0 /* Project object */ = {
			isa = PBXProject;
			attributes = {
				LastSwiftUpdateCheck = 0900;
				LastUpgradeCheck = 0900;
				ORGANIZATIONNAME = "Krystyna Swider";
				TargetAttributes = {
					1025618F1FAA60C3008404F0 = {
						CreatedOnToolsVersion = 9.0.1;
						ProvisioningStyle = Automatic;
					};
					102561A31FAA60C3008404F0 = {
						CreatedOnToolsVersion = 9.0.1;
						ProvisioningStyle = Automatic;
						TestTargetID = 1025618F1FAA60C3008404F0;
					};
					102561AE1FAA60C3008404F0 = {
						CreatedOnToolsVersion = 9.0.1;
						ProvisioningStyle = Automatic;
						TestTargetID = 1025618F1FAA60C3008404F0;
					};
				};
			};
			buildConfigurationList = 1025618B1FAA60C3008404F0 /* Build configuration list for PBXProject "ColdCall" */;
			compatibilityVersion = "Xcode 8.0";
			developmentRegion = en;
			hasScannedForEncodings = 0;
			knownRegions = (
				en,
				Base,
			);
			mainGroup = 102561871FAA60C3008404F0;
			productRefGroup = 102561911FAA60C3008404F0 /* Products */;
			projectDirPath = "";
			projectRoot = "";
			targets = (
				1025618F1FAA60C3008404F0 /* ColdCall */,
				102561A31FAA60C3008404F0 /* ColdCallTests */,
				102561AE1FAA60C3008404F0 /* ColdCallUITests */,
			);
		};
/* End PBXProject section */

/* Begin PBXResourcesBuildPhase section */
		1025618E1FAA60C3008404F0 /* Resources */ = {
			isa = PBXResourcesBuildPhase;
			buildActionMask = 2147483647;
			files = (
				1025619E1FAA60C3008404F0 /* LaunchScreen.storyboard in Resources */,
				1025619B1FAA60C3008404F0 /* Assets.xcassets in Resources */,
				102561991FAA60C3008404F0 /* Main.storyboard in Resources */,
			);
			runOnlyForDeploymentPostprocessing = 0;
		};
		102561A21FAA60C3008404F0 /* Resources */ = {
			isa = PBXResourcesBuildPhase;
			buildActionMask = 2147483647;
			files = (
			);
			runOnlyForDeploymentPostprocessing = 0;
		};
		102561AD1FAA60C3008404F0 /* Resources */ = {
			isa = PBXResourcesBuildPhase;
			buildActionMask = 2147483647;
			files = (
			);
			runOnlyForDeploymentPostprocessing = 0;
		};
/* End PBXResourcesBuildPhase section */

/* Begin PBXSourcesBuildPhase section */
		1025618C1FAA60C3008404F0 /* Sources */ = {
			isa = PBXSourcesBuildPhase;
			buildActionMask = 2147483647;
			files = (
				102561961FAA60C3008404F0 /* ViewController.swift in Sources */,
				102561941FAA60C3008404F0 /* AppDelegate.swift in Sources */,
			);
			runOnlyForDeploymentPostprocessing = 0;
		};
		102561A01FAA60C3008404F0 /* Sources */ = {
			isa = PBXSourcesBuildPhase;
			buildActionMask = 2147483647;
			files = (
				102561A91FAA60C3008404F0 /* ColdCallTests.swift in Sources */,
			);
			runOnlyForDeploymentPostprocessing = 0;
		};
		102561AB1FAA60C3008404F0 /* Sources */ = {
			isa = PBXSourcesBuildPhase;
			buildActionMask = 2147483647;
			files = (
				102561B41FAA60C3008404F0 /* ColdCallUITests.swift in Sources */,
			);
			runOnlyForDeploymentPostprocessing = 0;
		};
/* End PBXSourcesBuildPhase section */

/* Begin PBXTargetDependency section */
		102561A61FAA60C3008404F0 /* PBXTargetDependency */ = {
			isa = PBXTargetDependency;
			target = 1025618F1FAA60C3008404F0 /* ColdCall */;
			targetProxy = 102561A51FAA60C3008404F0 /* PBXContainerItemProxy */;
		};
		102561B11FAA60C3008404F0 /* PBXTargetDependency */ = {
			isa = PBXTargetDependency;
			target = 1025618F1FAA60C3008404F0 /* ColdCall */;
			targetProxy = 102561B01FAA60C3008404F0 /* PBXContainerItemProxy */;
		};
/* End PBXTargetDependency section */

/* Begin PBXVariantGroup section */
		102561971FAA60C3008404F0 /* Main.storyboard */ = {
			isa = PBXVariantGroup;
			children = (
				102561981FAA60C3008404F0 /* Base */,
			);
			name = Main.storyboard;
			sourceTree = "<group>";
		};
		1025619C1FAA60C3008404F0 /* LaunchScreen.storyboard */ = {
			isa = PBXVariantGroup;
			children = (
				1025619D1FAA60C3008404F0 /* Base */,
			);
			name = LaunchScreen.storyboard;
			sourceTree = "<group>";
		};
/* End PBXVariantGroup section */

/* Begin XCBuildConfiguration section */
		102561B61FAA60C3008404F0 /* Debug */ = {
			isa = XCBuildConfiguration;
			buildSettings = {
				ALWAYS_SEARCH_USER_PATHS = NO;
				CLANG_ANALYZER_NONNULL = YES;
				CLANG_ANALYZER_NUMBER_OBJECT_CONVERSION = YES_AGGRESSIVE;
				CLANG_CXX_LANGUAGE_STANDARD = "gnu++14";
				CLANG_CXX_LIBRARY = "libc++";
				CLANG_ENABLE_MODULES = YES;
				CLANG_ENABLE_OBJC_ARC = YES;
				CLANG_WARN_BLOCK_CAPTURE_AUTORELEASING = YES;
				CLANG_WARN_BOOL_CONVERSION = YES;
				CLANG_WARN_COMMA = YES;
				CLANG_WARN_CONSTANT_CONVERSION = YES;
				CLANG_WARN_DIRECT_OBJC_ISA_USAGE = YES_ERROR;
				CLANG_WARN_DOCUMENTATION_COMMENTS = YES;
				CLANG_WARN_EMPTY_BODY = YES;
				CLANG_WARN_ENUM_CONVERSION = YES;
				CLANG_WARN_INFINITE_RECURSION = YES;
				CLANG_WARN_INT_CONVERSION = YES;
				CLANG_WARN_NON_LITERAL_NULL_CONVERSION = YES;
				CLANG_WARN_OBJC_LITERAL_CONVERSION = YES;
				CLANG_WARN_OBJC_ROOT_CLASS = YES_ERROR;
				CLANG_WARN_RANGE_LOOP_ANALYSIS = YES;
				CLANG_WARN_STRICT_PROTOTYPES = YES;
				CLANG_WARN_SUSPICIOUS_MOVE = YES;
				CLANG_WARN_UNGUARDED_AVAILABILITY = YES_AGGRESSIVE;
				CLANG_WARN_UNREACHABLE_CODE = YES;
				CLANG_WARN__DUPLICATE_METHOD_MATCH = YES;
				CODE_SIGN_IDENTITY = "iPhone Developer";
				COPY_PHASE_STRIP = NO;
				DEBUG_INFORMATION_FORMAT = dwarf;
				ENABLE_STRICT_OBJC_MSGSEND = YES;
				ENABLE_TESTABILITY = YES;
				GCC_C_LANGUAGE_STANDARD = gnu11;
				GCC_DYNAMIC_NO_PIC = NO;
				GCC_NO_COMMON_BLOCKS = YES;
				GCC_OPTIMIZATION_LEVEL = 0;
				GCC_PREPROCESSOR_DEFINITIONS = (
					"DEBUG=1",
					"$(inherited)",
				);
				GCC_WARN_64_TO_32_BIT_CONVERSION = YES;
				GCC_WARN_ABOUT_RETURN_TYPE = YES_ERROR;
				GCC_WARN_UNDECLARED_SELECTOR = YES;
				GCC_WARN_UNINITIALIZED_AUTOS = YES_AGGRESSIVE;
				GCC_WARN_UNUSED_FUNCTION = YES;
				GCC_WARN_UNUSED_VARIABLE = YES;
				IPHONEOS_DEPLOYMENT_TARGET = 11.0;
				MTL_ENABLE_DEBUG_INFO = YES;
				ONLY_ACTIVE_ARCH = YES;
				SDKROOT = iphoneos;
				SWIFT_ACTIVE_COMPILATION_CONDITIONS = DEBUG;
				SWIFT_OPTIMIZATION_LEVEL = "-Onone";
			};
			name = Debug;
		};
		102561B71FAA60C3008404F0 /* Release */ = {
			isa = XCBuildConfiguration;
			buildSettings = {
				ALWAYS_SEARCH_USER_PATHS = NO;
				CLANG_ANALYZER_NONNULL = YES;
				CLANG_ANALYZER_NUMBER_OBJECT_CONVERSION = YES_AGGRESSIVE;
				CLANG_CXX_LANGUAGE_STANDARD = "gnu++14";
				CLANG_CXX_LIBRARY = "libc++";
				CLANG_ENABLE_MODULES = YES;
				CLANG_ENABLE_OBJC_ARC = YES;
				CLANG_WARN_BLOCK_CAPTURE_AUTORELEASING = YES;
				CLANG_WARN_BOOL_CONVERSION = YES;
				CLANG_WARN_COMMA = YES;
				CLANG_WARN_CONSTANT_CONVERSION = YES;
				CLANG_WARN_DIRECT_OBJC_ISA_USAGE = YES_ERROR;
				CLANG_WARN_DOCUMENTATION_COMMENTS = YES;
				CLANG_WARN_EMPTY_BODY = YES;
				CLANG_WARN_ENUM_CONVERSION = YES;
				CLANG_WARN_INFINITE_RECURSION = YES;
				CLANG_WARN_INT_CONVERSION = YES;
				CLANG_WARN_NON_LITERAL_NULL_CONVERSION = YES;
				CLANG_WARN_OBJC_LITERAL_CONVERSION = YES;
				CLANG_WARN_OBJC_ROOT_CLASS = YES_ERROR;
				CLANG_WARN_RANGE_LOOP_ANALYSIS = YES;
				CLANG_WARN_STRICT_PROTOTYPES = YES;
				CLANG_WARN_SUSPICIOUS_MOVE = YES;
				CLANG_WARN_UNGUARDED_AVAILABILITY = YES_AGGRESSIVE;
				CLANG_WARN_UNREACHABLE_CODE = YES;
				CLANG_WARN__DUPLICATE_METHOD_MATCH = YES;
				CODE_SIGN_IDENTITY = "iPhone Developer";
				COPY_PHASE_STRIP = NO;
				DEBUG_INFORMATION_FORMAT = "dwarf-with-dsym";
				ENABLE_NS_ASSERTIONS = NO;
				ENABLE_STRICT_OBJC_MSGSEND = YES;
				GCC_C_LANGUAGE_STANDARD = gnu11;
				GCC_NO_COMMON_BLOCKS = YES;
				GCC_WARN_64_TO_32_BIT_CONVERSION = YES;
				GCC_WARN_ABOUT_RETURN_TYPE = YES_ERROR;
				GCC_WARN_UNDECLARED_SELECTOR = YES;
				GCC_WARN_UNINITIALIZED_AUTOS = YES_AGGRESSIVE;
				GCC_WARN_UNUSED_FUNCTION = YES;
				GCC_WARN_UNUSED_VARIABLE = YES;
				IPHONEOS_DEPLOYMENT_TARGET = 11.0;
				MTL_ENABLE_DEBUG_INFO = NO;
				SDKROOT = iphoneos;
				SWIFT_OPTIMIZATION_LEVEL = "-Owholemodule";
				VALIDATE_PRODUCT = YES;
			};
			name = Release;
		};
		102561B91FAA60C3008404F0 /* Debug */ = {
			isa = XCBuildConfiguration;
			buildSettings = {
				ASSETCATALOG_COMPILER_APPICON_NAME = AppIcon;
				CODE_SIGN_STYLE = Automatic;
				INFOPLIST_FILE = ColdCall/Info.plist;
				LD_RUNPATH_SEARCH_PATHS = "$(inherited) @executable_path/Frameworks";
				PRODUCT_BUNDLE_IDENTIFIER = KLP.ColdCall;
				PRODUCT_NAME = "$(TARGET_NAME)";
				SWIFT_VERSION = 4.0;
				TARGETED_DEVICE_FAMILY = "1,2";
			};
			name = Debug;
		};
		102561BA1FAA60C3008404F0 /* Release */ = {
			isa = XCBuildConfiguration;
			buildSettings = {
				ASSETCATALOG_COMPILER_APPICON_NAME = AppIcon;
				CODE_SIGN_STYLE = Automatic;
				INFOPLIST_FILE = ColdCall/Info.plist;
				LD_RUNPATH_SEARCH_PATHS = "$(inherited) @executable_path/Frameworks";
				PRODUCT_BUNDLE_IDENTIFIER = KLP.ColdCall;
				PRODUCT_NAME = "$(TARGET_NAME)";
				SWIFT_VERSION = 4.0;
				TARGETED_DEVICE_FAMILY = "1,2";
			};
			name = Release;
		};
		102561BC1FAA60C3008404F0 /* Debug */ = {
			isa = XCBuildConfiguration;
			buildSettings = {
				ALWAYS_EMBED_SWIFT_STANDARD_LIBRARIES = YES;
				BUNDLE_LOADER = "$(TEST_HOST)";
				CODE_SIGN_STYLE = Automatic;
				INFOPLIST_FILE = ColdCallTests/Info.plist;
				LD_RUNPATH_SEARCH_PATHS = "$(inherited) @executable_path/Frameworks @loader_path/Frameworks";
				PRODUCT_BUNDLE_IDENTIFIER = KLP.ColdCallTests;
				PRODUCT_NAME = "$(TARGET_NAME)";
				SWIFT_VERSION = 4.0;
				TARGETED_DEVICE_FAMILY = "1,2";
				TEST_HOST = "$(BUILT_PRODUCTS_DIR)/ColdCall.app/ColdCall";
			};
			name = Debug;
		};
		102561BD1FAA60C3008404F0 /* Release */ = {
			isa = XCBuildConfiguration;
			buildSettings = {
				ALWAYS_EMBED_SWIFT_STANDARD_LIBRARIES = YES;
				BUNDLE_LOADER = "$(TEST_HOST)";
				CODE_SIGN_STYLE = Automatic;
				INFOPLIST_FILE = ColdCallTests/Info.plist;
				LD_RUNPATH_SEARCH_PATHS = "$(inherited) @executable_path/Frameworks @loader_path/Frameworks";
				PRODUCT_BUNDLE_IDENTIFIER = KLP.ColdCallTests;
				PRODUCT_NAME = "$(TARGET_NAME)";
				SWIFT_VERSION = 4.0;
				TARGETED_DEVICE_FAMILY = "1,2";
				TEST_HOST = "$(BUILT_PRODUCTS_DIR)/ColdCall.app/ColdCall";
			};
			name = Release;
		};
		102561BF1FAA60C3008404F0 /* Debug */ = {
			isa = XCBuildConfiguration;
			buildSettings = {
				ALWAYS_EMBED_SWIFT_STANDARD_LIBRARIES = YES;
				CODE_SIGN_STYLE = Automatic;
				INFOPLIST_FILE = ColdCallUITests/Info.plist;
				LD_RUNPATH_SEARCH_PATHS = "$(inherited) @executable_path/Frameworks @loader_path/Frameworks";
				PRODUCT_BUNDLE_IDENTIFIER = KLP.ColdCallUITests;
				PRODUCT_NAME = "$(TARGET_NAME)";
				SWIFT_VERSION = 4.0;
				TARGETED_DEVICE_FAMILY = "1,2";
				TEST_TARGET_NAME = ColdCall;
			};
			name = Debug;
		};
		102561C01FAA60C3008404F0 /* Release */ = {
			isa = XCBuildConfiguration;
			buildSettings = {
				ALWAYS_EMBED_SWIFT_STANDARD_LIBRARIES = YES;
				CODE_SIGN_STYLE = Automatic;
				INFOPLIST_FILE = ColdCallUITests/Info.plist;
				LD_RUNPATH_SEARCH_PATHS = "$(inherited) @executable_path/Frameworks @loader_path/Frameworks";
				PRODUCT_BUNDLE_IDENTIFIER = KLP.ColdCallUITests;
				PRODUCT_NAME = "$(TARGET_NAME)";
				SWIFT_VERSION = 4.0;
				TARGETED_DEVICE_FAMILY = "1,2";
				TEST_TARGET_NAME = ColdCall;
			};
			name = Release;
		};
/* End XCBuildConfiguration section */

/* Begin XCConfigurationList section */
		1025618B1FAA60C3008404F0 /* Build configuration list for PBXProject "ColdCall" */ = {
			isa = XCConfigurationList;
			buildConfigurations = (
				102561B61FAA60C3008404F0 /* Debug */,
				102561B71FAA60C3008404F0 /* Release */,
			);
			defaultConfigurationIsVisible = 0;
			defaultConfigurationName = Release;
		};
		102561B81FAA60C3008404F0 /* Build configuration list for PBXNativeTarget "ColdCall" */ = {
			isa = XCConfigurationList;
			buildConfigurations = (
				102561B91FAA60C3008404F0 /* Debug */,
				102561BA1FAA60C3008404F0 /* Release */,
			);
			defaultConfigurationIsVisible = 0;
			defaultConfigurationName = Release;
		};
		102561BB1FAA60C3008404F0 /* Build configuration list for PBXNativeTarget "ColdCallTests" */ = {
			isa = XCConfigurationList;
			buildConfigurations = (
				102561BC1FAA60C3008404F0 /* Debug */,
				102561BD1FAA60C3008404F0 /* Release */,
			);
			defaultConfigurationIsVisible = 0;
			defaultConfigurationName = Release;
		};
		102561BE1FAA60C3008404F0 /* Build configuration list for PBXNativeTarget "ColdCallUITests" */ = {
			isa = XCConfigurationList;
			buildConfigurations = (
				102561BF1FAA60C3008404F0 /* Debug */,
				102561C01FAA60C3008404F0 /* Release */,
			);
			defaultConfigurationIsVisible = 0;
			defaultConfigurationName = Release;
		};
/* End XCConfigurationList section */
	};
	rootObject = 102561881FAA60C3008404F0 /* Project object */;
}
